dependencies:
  espressif/esp_jpeg:
    component_hash: 257714f4bd0d8258a122d57715e6ba166de858d6d49d5fb8e70263d5069d8568
    source:
      service_url: https://api.components.espressif.com/
      type: service
    version: 1.0.5~2
  espressif/mdns:
    component_hash: ed10ef031bce505e423c5dbf0fdf2ce7a02df5f9ebffb18df2d6b9852e48817d
    source:
      service_url: https://api.components.espressif.com/
      type: service
    version: 1.3.1
  idf:
    component_hash: null
    source:
      type: idf
    version: 5.2.1
  lvgl/lvgl:
    component_hash: 02894f8cb64e84819ee39caaa5d60398bf7495b4b5d2d7a12106c384bd5cbe01
    source:
      git: https://github.com/lvgl/lvgl
      path: .
      type: git
    version: b16aa3c558cc0aee2c02b1d043da9ae81597a194
manifest_hash: d3d58f72940209213b0fdc4bf71ea1489d1f266cfff0a3be7076d24b5f41d00d
target: esp32
version: 1.0.0
